
Microsoft Visual Studio Solution File, Format Version 12.00
# Visual Studio 15
VisualStudioVersion = 15.0.27703.2035
MinimumVisualStudioVersion = 10.0.40219.1
Project("{FAE04EC0-301F-11D3-BF4B-00C04F79EFBC}") = "Math Quiz", "Math Quiz\Math Quiz.csproj", "{ADA1AFB8-5524-40BC-8E24-BA779D1A1CBF}"
EndProject
Global
	GlobalSection(SolutionConfigurationPlatforms) = preSolution
		Debug|Any CPU = Debug|Any CPU
		Release|Any CPU = Release|Any CPU
	EndGlobalSection
	GlobalSection(ProjectConfigurationPlatforms) = postSolution
		{ADA1AFB8-5524-40BC-8E24-BA779D1A1CBF}.Debug|Any CPU.ActiveCfg = Debug|Any CPU
		{ADA1AFB8-5524-40BC-8E24-BA779D1A1CBF}.Debug|Any CPU.Build.0 = Debug|Any CPU
		{ADA1AFB8-5524-40BC-8E24-BA779D1A1CBF}.Release|Any CPU.ActiveCfg = Release|Any CPU
		{ADA1AFB8-5524-40BC-8E24-BA779D1A1CBF}.Release|Any CPU.Build.0 = Release|Any CPU
	EndGlobalSection
	GlobalSection(SolutionProperties) = preSolution
		HideSolutionNode = FALSE
	EndGlobalSection
	GlobalSection(ExtensibilityGlobals) = postSolution
		SolutionGuid = {672C9885-A511-4D5F-85C4-AAE2A23604CD}
	EndGlobalSection
EndGlobal
