
Microsoft Visual Studio Solution File, Format Version 12.00
# Visual Studio 15
VisualStudioVersion = 15.0.28307.421
MinimumVisualStudioVersion = 10.0.40219.1
Project("{FAE04EC0-301F-11D3-BF4B-00C04F79EFBC}") = "LDS_Movies", "LDS_Movies\LDS_Movies.csproj", "{4EB76EFC-2485-4989-80CD-F1B07F1CC074}"
EndProject
Global
	GlobalSection(SolutionConfigurationPlatforms) = preSolution
		Debug|Any CPU = Debug|Any CPU
		Release|Any CPU = Release|Any CPU
	EndGlobalSection
	GlobalSection(ProjectConfigurationPlatforms) = postSolution
		{4EB76EFC-2485-4989-80CD-F1B07F1CC074}.Debug|Any CPU.ActiveCfg = Debug|Any CPU
		{4EB76EFC-2485-4989-80CD-F1B07F1CC074}.Debug|Any CPU.Build.0 = Debug|Any CPU
		{4EB76EFC-2485-4989-80CD-F1B07F1CC074}.Release|Any CPU.ActiveCfg = Release|Any CPU
		{4EB76EFC-2485-4989-80CD-F1B07F1CC074}.Release|Any CPU.Build.0 = Release|Any CPU
	EndGlobalSection
	GlobalSection(SolutionProperties) = preSolution
		HideSolutionNode = FALSE
	EndGlobalSection
	GlobalSection(ExtensibilityGlobals) = postSolution
		SolutionGuid = {90507873-F7E6-493D-959A-6269C6A378D2}
	EndGlobalSection
EndGlobal
